
Microsoft Visual Studio Solution File, Format Version 12.00
# Visual Studio Version 16
VisualStudioVersion = 16.0.29411.108
MinimumVisualStudioVersion = 10.0.40219.1
Project("{FAE04EC0-301F-11D3-BF4B-00C04F79EFBC}") = "Kursach", "Kursach.csproj", "{4ACAFE74-092A-473B-B202-2384023F7A11}"
EndProject
Global
	GlobalSection(SolutionConfigurationPlatforms) = preSolution
		Debug|Any CPU = Debug|Any CPU
		Release|Any CPU = Release|Any CPU
	EndGlobalSection
	GlobalSection(ProjectConfigurationPlatforms) = postSolution
		{4ACAFE74-092A-473B-B202-2384023F7A11}.Debug|Any CPU.ActiveCfg = Debug|Any CPU
		{4ACAFE74-092A-473B-B202-2384023F7A11}.Debug|Any CPU.Build.0 = Debug|Any CPU
		{4ACAFE74-092A-473B-B202-2384023F7A11}.Release|Any CPU.ActiveCfg = Release|Any CPU
		{4ACAFE74-092A-473B-B202-2384023F7A11}.Release|Any CPU.Build.0 = Release|Any CPU
	EndGlobalSection
	GlobalSection(SolutionProperties) = preSolution
		HideSolutionNode = FALSE
	EndGlobalSection
	GlobalSection(ExtensibilityGlobals) = postSolution
		SolutionGuid = {6FBE12B6-1069-4BEC-B466-2E0EC403D089}
	EndGlobalSection
EndGlobal
